
Microsoft Visual Studio Solution File, Format Version 12.00
# Visual Studio Version 16
VisualStudioVersion = 16.0.33214.272
MinimumVisualStudioVersion = 10.0.40219.1
Project("{FAE04EC0-301F-11D3-BF4B-00C04F79EFBC}") = "database_mvc", "database_mvc\database_mvc.csproj", "{5BBED5E2-C9F6-4703-B5A8-E2BBEE4451C1}"
EndProject
Global
	GlobalSection(SolutionConfigurationPlatforms) = preSolution
		Debug|Any CPU = Debug|Any CPU
		Release|Any CPU = Release|Any CPU
	EndGlobalSection
	GlobalSection(ProjectConfigurationPlatforms) = postSolution
		{5BBED5E2-C9F6-4703-B5A8-E2BBEE4451C1}.Debug|Any CPU.ActiveCfg = Debug|Any CPU
		{5BBED5E2-C9F6-4703-B5A8-E2BBEE4451C1}.Debug|Any CPU.Build.0 = Debug|Any CPU
		{5BBED5E2-C9F6-4703-B5A8-E2BBEE4451C1}.Release|Any CPU.ActiveCfg = Release|Any CPU
		{5BBED5E2-C9F6-4703-B5A8-E2BBEE4451C1}.Release|Any CPU.Build.0 = Release|Any CPU
	EndGlobalSection
	GlobalSection(SolutionProperties) = preSolution
		HideSolutionNode = FALSE
	EndGlobalSection
	GlobalSection(ExtensibilityGlobals) = postSolution
		SolutionGuid = {CEC9E1C3-FD1D-4826-AF41-039CFC079BCB}
	EndGlobalSection
EndGlobal
