
Microsoft Visual Studio Solution File, Format Version 12.00
# Visual Studio Version 16
VisualStudioVersion = 16.0.33214.272
MinimumVisualStudioVersion = 10.0.40219.1
Project("{FAE04EC0-301F-11D3-BF4B-00C04F79EFBC}") = "Program_1", "Program_1\Program_1.csproj", "{C85A9250-8B73-40AF-9BCA-6898C1A246BF}"
EndProject
Global
	GlobalSection(SolutionConfigurationPlatforms) = preSolution
		Debug|Any CPU = Debug|Any CPU
		Release|Any CPU = Release|Any CPU
	EndGlobalSection
	GlobalSection(ProjectConfigurationPlatforms) = postSolution
		{C85A9250-8B73-40AF-9BCA-6898C1A246BF}.Debug|Any CPU.ActiveCfg = Debug|Any CPU
		{C85A9250-8B73-40AF-9BCA-6898C1A246BF}.Debug|Any CPU.Build.0 = Debug|Any CPU
		{C85A9250-8B73-40AF-9BCA-6898C1A246BF}.Release|Any CPU.ActiveCfg = Release|Any CPU
		{C85A9250-8B73-40AF-9BCA-6898C1A246BF}.Release|Any CPU.Build.0 = Release|Any CPU
	EndGlobalSection
	GlobalSection(SolutionProperties) = preSolution
		HideSolutionNode = FALSE
	EndGlobalSection
	GlobalSection(ExtensibilityGlobals) = postSolution
		SolutionGuid = {12235C0B-25F7-4AEE-8948-65D5E6488DEB}
	EndGlobalSection
EndGlobal
